# THIS IS AN AUTOGENERATED FILE. DO NOT EDIT THIS FILE DIRECTLY.
# yarn lockfile v1


"@types/google-apps-script@^0.0.47":
  version "0.0.47"
  resolved "https://registry.yarnpkg.com/@types/google-apps-script/-/google-apps-script-0.0.47.tgz#9e6bcd6eb748d3d338ea7978912d31085d6409b9"
  integrity sha512-HBAOlHUNyll4T01TA9QsBbNAlTnXp9xX/VPouLDM+TJUO0WWqtTwJeYh4T1y6GeIiblcT60ORIte4rMskT4f5Q==
